
Microsoft Visual Studio Solution File, Format Version 12.00
# Visual Studio Version 16
VisualStudioVersion = 16.0.30011.22
MinimumVisualStudioVersion = 10.0.40219.1
Project("{FAE04EC0-301F-11D3-BF4B-00C04F79EFBC}") = "WinFormsContols", "WinFormsContols\WinFormsContols.csproj", "{D0DD7726-9D8F-4C83-9A72-B5A273C3D649}"
EndProject
Project("{FAE04EC0-301F-11D3-BF4B-00C04F79EFBC}") = "WinFormsData", "WinFormsData\WinFormsData.csproj", "{77E01669-5549-4F22-B755-B67020834A2D}"
EndProject
Global
	GlobalSection(SolutionConfigurationPlatforms) = preSolution
		Debug|Any CPU = Debug|Any CPU
		Release|Any CPU = Release|Any CPU
	EndGlobalSection
	GlobalSection(ProjectConfigurationPlatforms) = postSolution
		{D0DD7726-9D8F-4C83-9A72-B5A273C3D649}.Debug|Any CPU.ActiveCfg = Debug|Any CPU
		{D0DD7726-9D8F-4C83-9A72-B5A273C3D649}.Debug|Any CPU.Build.0 = Debug|Any CPU
		{D0DD7726-9D8F-4C83-9A72-B5A273C3D649}.Release|Any CPU.ActiveCfg = Release|Any CPU
		{D0DD7726-9D8F-4C83-9A72-B5A273C3D649}.Release|Any CPU.Build.0 = Release|Any CPU
		{77E01669-5549-4F22-B755-B67020834A2D}.Debug|Any CPU.ActiveCfg = Debug|Any CPU
		{77E01669-5549-4F22-B755-B67020834A2D}.Debug|Any CPU.Build.0 = Debug|Any CPU
		{77E01669-5549-4F22-B755-B67020834A2D}.Release|Any CPU.ActiveCfg = Release|Any CPU
		{77E01669-5549-4F22-B755-B67020834A2D}.Release|Any CPU.Build.0 = Release|Any CPU
	EndGlobalSection
	GlobalSection(SolutionProperties) = preSolution
		HideSolutionNode = FALSE
	EndGlobalSection
	GlobalSection(ExtensibilityGlobals) = postSolution
		SolutionGuid = {615F110C-3566-462C-B8AD-10FC301E3205}
	EndGlobalSection
EndGlobal
